---
platforms:
  :commit: 53bfdd34201790980ba8f4c335dbf659d038eb06
  :branch: master
build-files:
  :commit: 2e5392ef4e171885b621288c7829e5160f1255bf
  :branch: master
logger:
  :commit: e34a8b976fc983b904c091a7d75671192d015179
  :branch: master
units:
  :commit: 2cd145a4561553fac9254eeaccdea7832e1c05b5
  :branch: master
memory:
  :commit: 57e4fd53202f17764f7fe6cf04ac77d343bae2a5
  :branch: master
vulkan-sdk-darwin:
  :commit: 3675dbf976da707d679cdcb8142f0fd106d9d02a
  :branch: master
time:
  :commit: 795a5514b6be74bb81604e08257eec44444a745d
  :branch: master
variants:
  :commit: f6a26a8ac3a47a23a213cbd15da2183239d394d1
  :branch: master
platform-darwin-osx:
  :commit: b3abd55300d433236f97f3450fe05cab7c865214
  :branch: master
platform-darwin-ios:
  :commit: c81ccc5ee73cb1c6ae31e378148c4cb8c9f8759e
  :branch: master
build-clang:
  :commit: 89942e92e5ac6ffb10faa9cd2d4858903bd28d4f
  :branch: master
build-darwin:
  :commit: 4dce329501f49a3f2a4c480a72767ef823f95e37
  :branch: master
executor-unix:
  :commit: 36fe76d003e45c97cfb1d9d2726c17a33f28cad5
  :branch: master
executor-lldb:
  :commit: 75f65ccadcf08aaed5694870c31556fbd656427a
  :branch: master
unit-test:
  :commit: 10505017a6360a47b79699c673ee834b5ba73eb5
  :branch: master
streams:
  :commit: 2f9141de26e5331ab35fc91c03ab6a60317bbf7c
  :branch: master
